
Microsoft Visual Studio Solution File, Format Version 12.00
# Visual Studio 15
VisualStudioVersion = 15.0.28010.2046
MinimumVisualStudioVersion = 10.0.40219.1
Project("{FAE04EC0-301F-11D3-BF4B-00C04F79EFBC}") = "WebApi_CV", "WebApi_CV\WebApi_CV.csproj", "{B959BD13-0941-45D2-83B1-F0D15EBC43F7}"
EndProject
Global
	GlobalSection(SolutionConfigurationPlatforms) = preSolution
		Debug|Any CPU = Debug|Any CPU
		Release|Any CPU = Release|Any CPU
	EndGlobalSection
	GlobalSection(ProjectConfigurationPlatforms) = postSolution
		{B959BD13-0941-45D2-83B1-F0D15EBC43F7}.Debug|Any CPU.ActiveCfg = Debug|Any CPU
		{B959BD13-0941-45D2-83B1-F0D15EBC43F7}.Debug|Any CPU.Build.0 = Debug|Any CPU
		{B959BD13-0941-45D2-83B1-F0D15EBC43F7}.Release|Any CPU.ActiveCfg = Release|Any CPU
		{B959BD13-0941-45D2-83B1-F0D15EBC43F7}.Release|Any CPU.Build.0 = Release|Any CPU
	EndGlobalSection
	GlobalSection(SolutionProperties) = preSolution
		HideSolutionNode = FALSE
	EndGlobalSection
	GlobalSection(ExtensibilityGlobals) = postSolution
		SolutionGuid = {FAA45DB6-1AEA-4243-AFDF-55754284B8A7}
	EndGlobalSection
EndGlobal
